// !$*UTF8*$!
{
	archiveVersion = 1;
	classes = {
	};
	objectVersion = 50;
	objects = {

/* Begin PBXBuildFile section */
		8B89B56421EB53ED0063A5B0 /* AppDelegate.swift in Sources */ = {isa = PBXBuildFile; fileRef = 8B89B56321EB53ED0063A5B0 /* AppDelegate.swift */; };
		8B89B56621EB53ED0063A5B0 /* ViewController.swift in Sources */ = {isa = PBXBuildFile; fileRef = 8B89B56521EB53ED0063A5B0 /* ViewController.swift */; };
		8B89B56921EB53ED0063A5B0 /* Main.storyboard in Resources */ = {isa = PBXBuildFile; fileRef = 8B89B56721EB53ED0063A5B0 /* Main.storyboard */; };
		8B89B56C21EB53ED0063A5B0 /* SwiftAutolayouts.xcdatamodeld in Sources */ = {isa = PBXBuildFile; fileRef = 8B89B56A21EB53ED0063A5B0 /* SwiftAutolayouts.xcdatamodeld */; };
		8B89B56E21EB53EE0063A5B0 /* Assets.xcassets in Resources */ = {isa = PBXBuildFile; fileRef = 8B89B56D21EB53EE0063A5B0 /* Assets.xcassets */; };
		8B89B57121EB53EE0063A5B0 /* LaunchScreen.storyboard in Resources */ = {isa = PBXBuildFile; fileRef = 8B89B56F21EB53EE0063A5B0 /* LaunchScreen.storyboard */; };
		8B89B57C21EB53EE0063A5B0 /* SwiftAutolayoutsTests.swift in Sources */ = {isa = PBXBuildFile; fileRef = 8B89B57B21EB53EE0063A5B0 /* SwiftAutolayoutsTests.swift */; };
		8B89B58721EB53EE0063A5B0 /* SwiftAutolayoutsUITests.swift in Sources */ = {isa = PBXBuildFile; fileRef = 8B89B58621EB53EE0063A5B0 /* SwiftAutolayoutsUITests.swift */; };
/* End PBXBuildFile section */

/* Begin PBXContainerItemProxy section */
		8B89B57821EB53EE0063A5B0 /* PBXContainerItemProxy */ = {
			isa = PBXContainerItemProxy;
			containerPortal = 8B89B55821EB53ED0063A5B0 /* Project object */;
			proxyType = 1;
			remoteGlobalIDString = 8B89B55F21EB53ED0063A5B0;
			remoteInfo = SwiftAutolayouts;
		};
		8B89B58321EB53EE0063A5B0 /* PBXContainerItemProxy */ = {
			isa = PBXContainerItemProxy;
			containerPortal = 8B89B55821EB53ED0063A5B0 /* Project object */;
			proxyType = 1;
			remoteGlobalIDString = 8B89B55F21EB53ED0063A5B0;
			remoteInfo = SwiftAutolayouts;
		};
/* End PBXContainerItemProxy section */

/* Begin PBXFileReference section */
		8B89B56021EB53ED0063A5B0 /* SwiftAutolayouts.app */ = {isa = PBXFileReference; explicitFileType = wrapper.application; includeInIndex = 0; path = SwiftAutolayouts.app; sourceTree = BUILT_PRODUCTS_DIR; };
		8B89B56321EB53ED0063A5B0 /* AppDelegate.swift */ = {isa = PBXFileReference; lastKnownFileType = sourcecode.swift; path = AppDelegate.swift; sourceTree = "<group>"; };
		8B89B56521EB53ED0063A5B0 /* ViewController.swift */ = {isa = PBXFileReference; lastKnownFileType = sourcecode.swift; path = ViewController.swift; sourceTree = "<group>"; };
		8B89B56821EB53ED0063A5B0 /* Base */ = {isa = PBXFileReference; lastKnownFileType = file.storyboard; name = Base; path = Base.lproj/Main.storyboard; sourceTree = "<group>"; };
		8B89B56B21EB53ED0063A5B0 /* SwiftAutolayouts.xcdatamodel */ = {isa = PBXFileReference; lastKnownFileType = wrapper.xcdatamodel; path = SwiftAutolayouts.xcdatamodel; sourceTree = "<group>"; };
		8B89B56D21EB53EE0063A5B0 /* Assets.xcassets */ = {isa = PBXFileReference; lastKnownFileType = folder.assetcatalog; path = Assets.xcassets; sourceTree = "<group>"; };
		8B89B57021EB53EE0063A5B0 /* Base */ = {isa = PBXFileReference; lastKnownFileType = file.storyboard; name = Base; path = Base.lproj/LaunchScreen.storyboard; sourceTree = "<group>"; };
		8B89B57221EB53EE0063A5B0 /* Info.plist */ = {isa = PBXFileReference; lastKnownFileType = text.plist.xml; path = Info.plist; sourceTree = "<group>"; };
		8B89B57721EB53EE0063A5B0 /* SwiftAutolayoutsTests.xctest */ = {isa = PBXFileReference; explicitFileType = wrapper.cfbundle; includeInIndex = 0; path = SwiftAutolayoutsTests.xctest; sourceTree = BUILT_PRODUCTS_DIR; };
		8B89B57B21EB53EE0063A5B0 /* SwiftAutolayoutsTests.swift */ = {isa = PBXFileReference; lastKnownFileType = sourcecode.swift; path = SwiftAutolayoutsTests.swift; sourceTree = "<group>"; };
		8B89B57D21EB53EE0063A5B0 /* Info.plist */ = {isa = PBXFileReference; lastKnownFileType = text.plist.xml; path = Info.plist; sourceTree = "<group>"; };
		8B89B58221EB53EE0063A5B0 /* SwiftAutolayoutsUITests.xctest */ = {isa = PBXFileReference; explicitFileType = wrapper.cfbundle; includeInIndex = 0; path = SwiftAutolayoutsUITests.xctest; sourceTree = BUILT_PRODUCTS_DIR; };
		8B89B58621EB53EE0063A5B0 /* SwiftAutolayoutsUITests.swift */ = {isa = PBXFileReference; lastKnownFileType = sourcecode.swift; path = SwiftAutolayoutsUITests.swift; sourceTree = "<group>"; };
		8B89B58821EB53EE0063A5B0 /* Info.plist */ = {isa = PBXFileReference; lastKnownFileType = text.plist.xml; path = Info.plist; sourceTree = "<group>"; };
/* End PBXFileReference section */

/* Begin PBXFrameworksBuildPhase section */
		8B89B55D21EB53ED0063A5B0 /* Frameworks */ = {
			isa = PBXFrameworksBuildPhase;
			buildActionMask = 2147483647;
			files = (
			);
			runOnlyForDeploymentPostprocessing = 0;
		};
		8B89B57421EB53EE0063A5B0 /* Frameworks */ = {
			isa = PBXFrameworksBuildPhase;
			buildActionMask = 2147483647;
			files = (
			);
			runOnlyForDeploymentPostprocessing = 0;
		};
		8B89B57F21EB53EE0063A5B0 /* Frameworks */ = {
			isa = PBXFrameworksBuildPhase;
			buildActionMask = 2147483647;
			files = (
			);
			runOnlyForDeploymentPostprocessing = 0;
		};
/* End PBXFrameworksBuildPhase section */

/* Begin PBXGroup section */
		8B89B55721EB53ED0063A5B0 = {
			isa = PBXGroup;
			children = (
				8B89B56221EB53ED0063A5B0 /* SwiftAutolayouts */,
				8B89B57A21EB53EE0063A5B0 /* SwiftAutolayoutsTests */,
				8B89B58521EB53EE0063A5B0 /* SwiftAutolayoutsUITests */,
				8B89B56121EB53ED0063A5B0 /* Products */,
			);
			sourceTree = "<group>";
		};
		8B89B56121EB53ED0063A5B0 /* Products */ = {
			isa = PBXGroup;
			children = (
				8B89B56021EB53ED0063A5B0 /* SwiftAutolayouts.app */,
				8B89B57721EB53EE0063A5B0 /* SwiftAutolayoutsTests.xctest */,
				8B89B58221EB53EE0063A5B0 /* SwiftAutolayoutsUITests.xctest */,
			);
			name = Products;
			sourceTree = "<group>";
		};
		8B89B56221EB53ED0063A5B0 /* SwiftAutolayouts */ = {
			isa = PBXGroup;
			children = (
				8B89B56321EB53ED0063A5B0 /* AppDelegate.swift */,
				8B89B56521EB53ED0063A5B0 /* ViewController.swift */,
				8B89B56721EB53ED0063A5B0 /* Main.storyboard */,
				8B89B56D21EB53EE0063A5B0 /* Assets.xcassets */,
				8B89B56F21EB53EE0063A5B0 /* LaunchScreen.storyboard */,
				8B89B57221EB53EE0063A5B0 /* Info.plist */,
				8B89B56A21EB53ED0063A5B0 /* SwiftAutolayouts.xcdatamodeld */,
			);
			path = SwiftAutolayouts;
			sourceTree = "<group>";
		};
		8B89B57A21EB53EE0063A5B0 /* SwiftAutolayoutsTests */ = {
			isa = PBXGroup;
			children = (
				8B89B57B21EB53EE0063A5B0 /* SwiftAutolayoutsTests.swift */,
				8B89B57D21EB53EE0063A5B0 /* Info.plist */,
			);
			path = SwiftAutolayoutsTests;
			sourceTree = "<group>";
		};
		8B89B58521EB53EE0063A5B0 /* SwiftAutolayoutsUITests */ = {
			isa = PBXGroup;
			children = (
				8B89B58621EB53EE0063A5B0 /* SwiftAutolayoutsUITests.swift */,
				8B89B58821EB53EE0063A5B0 /* Info.plist */,
			);
			path = SwiftAutolayoutsUITests;
			sourceTree = "<group>";
		};
/* End PBXGroup section */

/* Begin PBXNativeTarget section */
		8B89B55F21EB53ED0063A5B0 /* SwiftAutolayouts */ = {
			isa = PBXNativeTarget;
			buildConfigurationList = 8B89B58B21EB53EE0063A5B0 /* Build configuration list for PBXNativeTarget "SwiftAutolayouts" */;
			buildPhases = (
				8B89B55C21EB53ED0063A5B0 /* Sources */,
				8B89B55D21EB53ED0063A5B0 /* Frameworks */,
				8B89B55E21EB53ED0063A5B0 /* Resources */,
			);
			buildRules = (
			);
			dependencies = (
			);
			name = SwiftAutolayouts;
			productName = SwiftAutolayouts;
			productReference = 8B89B56021EB53ED0063A5B0 /* SwiftAutolayouts.app */;
			productType = "com.apple.product-type.application";
		};
		8B89B57621EB53EE0063A5B0 /* SwiftAutolayoutsTests */ = {
			isa = PBXNativeTarget;
			buildConfigurationList = 8B89B58E21EB53EE0063A5B0 /* Build configuration list for PBXNativeTarget "SwiftAutolayoutsTests" */;
			buildPhases = (
				8B89B57321EB53EE0063A5B0 /* Sources */,
				8B89B57421EB53EE0063A5B0 /* Frameworks */,
				8B89B57521EB53EE0063A5B0 /* Resources */,
			);
			buildRules = (
			);
			dependencies = (
				8B89B57921EB53EE0063A5B0 /* PBXTargetDependency */,
			);
			name = SwiftAutolayoutsTests;
			productName = SwiftAutolayoutsTests;
			productReference = 8B89B57721EB53EE0063A5B0 /* SwiftAutolayoutsTests.xctest */;
			productType = "com.apple.product-type.bundle.unit-test";
		};
		8B89B58121EB53EE0063A5B0 /* SwiftAutolayoutsUITests */ = {
			isa = PBXNativeTarget;
			buildConfigurationList = 8B89B59121EB53EE0063A5B0 /* Build configuration list for PBXNativeTarget "SwiftAutolayoutsUITests" */;
			buildPhases = (
				8B89B57E21EB53EE0063A5B0 /* Sources */,
				8B89B57F21EB53EE0063A5B0 /* Frameworks */,
				8B89B58021EB53EE0063A5B0 /* Resources */,
			);
			buildRules = (
			);
			dependencies = (
				8B89B58421EB53EE0063A5B0 /* PBXTargetDependency */,
			);
			name = SwiftAutolayoutsUITests;
			productName = SwiftAutolayoutsUITests;
			productReference = 8B89B58221EB53EE0063A5B0 /* SwiftAutolayoutsUITests.xctest */;
			productType = "com.apple.product-type.bundle.ui-testing";
		};
/* End PBXNativeTarget section */

/* Begin PBXProject section */
		8B89B55821EB53ED0063A5B0 /* Project object */ = {
			isa = PBXProject;
			attributes = {
				LastSwiftUpdateCheck = 1010;
				LastUpgradeCheck = 1010;
				ORGANIZATIONNAME = "Satish Koduri";
				TargetAttributes = {
					8B89B55F21EB53ED0063A5B0 = {
						CreatedOnToolsVersion = 10.1;
					};
					8B89B57621EB53EE0063A5B0 = {
						CreatedOnToolsVersion = 10.1;
						TestTargetID = 8B89B55F21EB53ED0063A5B0;
					};
					8B89B58121EB53EE0063A5B0 = {
						CreatedOnToolsVersion = 10.1;
						TestTargetID = 8B89B55F21EB53ED0063A5B0;
					};
				};
			};
			buildConfigurationList = 8B89B55B21EB53ED0063A5B0 /* Build configuration list for PBXProject "SwiftAutolayouts" */;
			compatibilityVersion = "Xcode 9.3";
			developmentRegion = en;
			hasScannedForEncodings = 0;
			knownRegions = (
				en,
				Base,
			);
			mainGroup = 8B89B55721EB53ED0063A5B0;
			productRefGroup = 8B89B56121EB53ED0063A5B0 /* Products */;
			projectDirPath = "";
			projectRoot = "";
			targets = (
				8B89B55F21EB53ED0063A5B0 /* SwiftAutolayouts */,
				8B89B57621EB53EE0063A5B0 /* SwiftAutolayoutsTests */,
				8B89B58121EB53EE0063A5B0 /* SwiftAutolayoutsUITests */,
			);
		};
/* End PBXProject section */

/* Begin PBXResourcesBuildPhase section */
		8B89B55E21EB53ED0063A5B0 /* Resources */ = {
			isa = PBXResourcesBuildPhase;
			buildActionMask = 2147483647;
			files = (
				8B89B57121EB53EE0063A5B0 /* LaunchScreen.storyboard in Resources */,
				8B89B56E21EB53EE0063A5B0 /* Assets.xcassets in Resources */,
				8B89B56921EB53ED0063A5B0 /* Main.storyboard in Resources */,
			);
			runOnlyForDeploymentPostprocessing = 0;
		};
		8B89B57521EB53EE0063A5B0 /* Resources */ = {
			isa = PBXResourcesBuildPhase;
			buildActionMask = 2147483647;
			files = (
			);
			runOnlyForDeploymentPostprocessing = 0;
		};
		8B89B58021EB53EE0063A5B0 /* Resources */ = {
			isa = PBXResourcesBuildPhase;
			buildActionMask = 2147483647;
			files = (
			);
			runOnlyForDeploymentPostprocessing = 0;
		};
/* End PBXResourcesBuildPhase section */

/* Begin PBXSourcesBuildPhase section */
		8B89B55C21EB53ED0063A5B0 /* Sources */ = {
			isa = PBXSourcesBuildPhase;
			buildActionMask = 2147483647;
			files = (
				8B89B56621EB53ED0063A5B0 /* ViewController.swift in Sources */,
				8B89B56421EB53ED0063A5B0 /* AppDelegate.swift in Sources */,
				8B89B56C21EB53ED0063A5B0 /* SwiftAutolayouts.xcdatamodeld in Sources */,
			);
			runOnlyForDeploymentPostprocessing = 0;
		};
		8B89B57321EB53EE0063A5B0 /* Sources */ = {
			isa = PBXSourcesBuildPhase;
			buildActionMask = 2147483647;
			files = (
				8B89B57C21EB53EE0063A5B0 /* SwiftAutolayoutsTests.swift in Sources */,
			);
			runOnlyForDeploymentPostprocessing = 0;
		};
		8B89B57E21EB53EE0063A5B0 /* Sources */ = {
			isa = PBXSourcesBuildPhase;
			buildActionMask = 2147483647;
			files = (
				8B89B58721EB53EE0063A5B0 /* SwiftAutolayoutsUITests.swift in Sources */,
			);
			runOnlyForDeploymentPostprocessing = 0;
		};
/* End PBXSourcesBuildPhase section */

/* Begin PBXTargetDependency section */
		8B89B57921EB53EE0063A5B0 /* PBXTargetDependency */ = {
			isa = PBXTargetDependency;
			target = 8B89B55F21EB53ED0063A5B0 /* SwiftAutolayouts */;
			targetProxy = 8B89B57821EB53EE0063A5B0 /* PBXContainerItemProxy */;
		};
		8B89B58421EB53EE0063A5B0 /* PBXTargetDependency */ = {
			isa = PBXTargetDependency;
			target = 8B89B55F21EB53ED0063A5B0 /* SwiftAutolayouts */;
			targetProxy = 8B89B58321EB53EE0063A5B0 /* PBXContainerItemProxy */;
		};
/* End PBXTargetDependency section */

/* Begin PBXVariantGroup section */
		8B89B56721EB53ED0063A5B0 /* Main.storyboard */ = {
			isa = PBXVariantGroup;
			children = (
				8B89B56821EB53ED0063A5B0 /* Base */,
			);
			name = Main.storyboard;
			sourceTree = "<group>";
		};
		8B89B56F21EB53EE0063A5B0 /* LaunchScreen.storyboard */ = {
			isa = PBXVariantGroup;
			children = (
				8B89B57021EB53EE0063A5B0 /* Base */,
			);
			name = LaunchScreen.storyboard;
			sourceTree = "<group>";
		};
/* End PBXVariantGroup section */

/* Begin XCBuildConfiguration section */
		8B89B58921EB53EE0063A5B0 /* Debug */ = {
			isa = XCBuildConfiguration;
			buildSettings = {
				ALWAYS_SEARCH_USER_PATHS = NO;
				CLANG_ANALYZER_NONNULL = YES;
				CLANG_ANALYZER_NUMBER_OBJECT_CONVERSION = YES_AGGRESSIVE;
				CLANG_CXX_LANGUAGE_STANDARD = "gnu++14";
				CLANG_CXX_LIBRARY = "libc++";
				CLANG_ENABLE_MODULES = YES;
				CLANG_ENABLE_OBJC_ARC = YES;
				CLANG_ENABLE_OBJC_WEAK = YES;
				CLANG_WARN_BLOCK_CAPTURE_AUTORELEASING = YES;
				CLANG_WARN_BOOL_CONVERSION = YES;
				CLANG_WARN_COMMA = YES;
				CLANG_WARN_CONSTANT_CONVERSION = YES;
				CLANG_WARN_DEPRECATED_OBJC_IMPLEMENTATIONS = YES;
				CLANG_WARN_DIRECT_OBJC_ISA_USAGE = YES_ERROR;
				CLANG_WARN_DOCUMENTATION_COMMENTS = YES;
				CLANG_WARN_EMPTY_BODY = YES;
				CLANG_WARN_ENUM_CONVERSION = YES;
				CLANG_WARN_INFINITE_RECURSION = YES;
				CLANG_WARN_INT_CONVERSION = YES;
				CLANG_WARN_NON_LITERAL_NULL_CONVERSION = YES;
				CLANG_WARN_OBJC_IMPLICIT_RETAIN_SELF = YES;
				CLANG_WARN_OBJC_LITERAL_CONVERSION = YES;
				CLANG_WARN_OBJC_ROOT_CLASS = YES_ERROR;
				CLANG_WARN_RANGE_LOOP_ANALYSIS = YES;
				CLANG_WARN_STRICT_PROTOTYPES = YES;
				CLANG_WARN_SUSPICIOUS_MOVE = YES;
				CLANG_WARN_UNGUARDED_AVAILABILITY = YES_AGGRESSIVE;
				CLANG_WARN_UNREACHABLE_CODE = YES;
				CLANG_WARN__DUPLICATE_METHOD_MATCH = YES;
				CODE_SIGN_IDENTITY = "iPhone Developer";
				COPY_PHASE_STRIP = NO;
				DEBUG_INFORMATION_FORMAT = dwarf;
				ENABLE_STRICT_OBJC_MSGSEND = YES;
				ENABLE_TESTABILITY = YES;
				GCC_C_LANGUAGE_STANDARD = gnu11;
				GCC_DYNAMIC_NO_PIC = NO;
				GCC_NO_COMMON_BLOCKS = YES;
				GCC_OPTIMIZATION_LEVEL = 0;
				GCC_PREPROCESSOR_DEFINITIONS = (
					"DEBUG=1",
					"$(inherited)",
				);
				GCC_WARN_64_TO_32_BIT_CONVERSION = YES;
				GCC_WARN_ABOUT_RETURN_TYPE = YES_ERROR;
				GCC_WARN_UNDECLARED_SELECTOR = YES;
				GCC_WARN_UNINITIALIZED_AUTOS = YES_AGGRESSIVE;
				GCC_WARN_UNUSED_FUNCTION = YES;
				GCC_WARN_UNUSED_VARIABLE = YES;
				IPHONEOS_DEPLOYMENT_TARGET = 12.1;
				MTL_ENABLE_DEBUG_INFO = INCLUDE_SOURCE;
				MTL_FAST_MATH = YES;
				ONLY_ACTIVE_ARCH = YES;
				SDKROOT = iphoneos;
				SWIFT_ACTIVE_COMPILATION_CONDITIONS = DEBUG;
				SWIFT_OPTIMIZATION_LEVEL = "-Onone";
			};
			name = Debug;
		};
		8B89B58A21EB53EE0063A5B0 /* Release */ = {
			isa = XCBuildConfiguration;
			buildSettings = {
				ALWAYS_SEARCH_USER_PATHS = NO;
				CLANG_ANALYZER_NONNULL = YES;
				CLANG_ANALYZER_NUMBER_OBJECT_CONVERSION = YES_AGGRESSIVE;
				CLANG_CXX_LANGUAGE_STANDARD = "gnu++14";
				CLANG_CXX_LIBRARY = "libc++";
				CLANG_ENABLE_MODULES = YES;
				CLANG_ENABLE_OBJC_ARC = YES;
				CLANG_ENABLE_OBJC_WEAK = YES;
				CLANG_WARN_BLOCK_CAPTURE_AUTORELEASING = YES;
				CLANG_WARN_BOOL_CONVERSION = YES;
				CLANG_WARN_COMMA = YES;
				CLANG_WARN_CONSTANT_CONVERSION = YES;
				CLANG_WARN_DEPRECATED_OBJC_IMPLEMENTATIONS = YES;
				CLANG_WARN_DIRECT_OBJC_ISA_USAGE = YES_ERROR;
				CLANG_WARN_DOCUMENTATION_COMMENTS = YES;
				CLANG_WARN_EMPTY_BODY = YES;
				CLANG_WARN_ENUM_CONVERSION = YES;
				CLANG_WARN_INFINITE_RECURSION = YES;
				CLANG_WARN_INT_CONVERSION = YES;
				CLANG_WARN_NON_LITERAL_NULL_CONVERSION = YES;
				CLANG_WARN_OBJC_IMPLICIT_RETAIN_SELF = YES;
				CLANG_WARN_OBJC_LITERAL_CONVERSION = YES;
				CLANG_WARN_OBJC_ROOT_CLASS = YES_ERROR;
				CLANG_WARN_RANGE_LOOP_ANALYSIS = YES;
				CLANG_WARN_STRICT_PROTOTYPES = YES;
				CLANG_WARN_SUSPICIOUS_MOVE = YES;
				CLANG_WARN_UNGUARDED_AVAILABILITY = YES_AGGRESSIVE;
				CLANG_WARN_UNREACHABLE_CODE = YES;
				CLANG_WARN__DUPLICATE_METHOD_MATCH = YES;
				CODE_SIGN_IDENTITY = "iPhone Developer";
				COPY_PHASE_STRIP = NO;
				DEBUG_INFORMATION_FORMAT = "dwarf-with-dsym";
				ENABLE_NS_ASSERTIONS = NO;
				ENABLE_STRICT_OBJC_MSGSEND = YES;
				GCC_C_LANGUAGE_STANDARD = gnu11;
				GCC_NO_COMMON_BLOCKS = YES;
				GCC_WARN_64_TO_32_BIT_CONVERSION = YES;
				GCC_WARN_ABOUT_RETURN_TYPE = YES_ERROR;
				GCC_WARN_UNDECLARED_SELECTOR = YES;
				GCC_WARN_UNINITIALIZED_AUTOS = YES_AGGRESSIVE;
				GCC_WARN_UNUSED_FUNCTION = YES;
				GCC_WARN_UNUSED_VARIABLE = YES;
				IPHONEOS_DEPLOYMENT_TARGET = 12.1;
				MTL_ENABLE_DEBUG_INFO = NO;
				MTL_FAST_MATH = YES;
				SDKROOT = iphoneos;
				SWIFT_COMPILATION_MODE = wholemodule;
				SWIFT_OPTIMIZATION_LEVEL = "-O";
				VALIDATE_PRODUCT = YES;
			};
			name = Release;
		};
		8B89B58C21EB53EE0063A5B0 /* Debug */ = {
			isa = XCBuildConfiguration;
			buildSettings = {
				ASSETCATALOG_COMPILER_APPICON_NAME = AppIcon;
				CODE_SIGN_STYLE = Automatic;
				DEVELOPMENT_TEAM = 8RXR4983V3;
				INFOPLIST_FILE = SwiftAutolayouts/Info.plist;
				LD_RUNPATH_SEARCH_PATHS = (
					"$(inherited)",
					"@executable_path/Frameworks",
				);
				PRODUCT_BUNDLE_IDENTIFIER = com.charterglobal.SwiftAutolayouts;
				PRODUCT_NAME = "$(TARGET_NAME)";
				SWIFT_VERSION = 4.2;
				TARGETED_DEVICE_FAMILY = "1,2";
			};
			name = Debug;
		};
		8B89B58D21EB53EE0063A5B0 /* Release */ = {
			isa = XCBuildConfiguration;
			buildSettings = {
				ASSETCATALOG_COMPILER_APPICON_NAME = AppIcon;
				CODE_SIGN_STYLE = Automatic;
				DEVELOPMENT_TEAM = 8RXR4983V3;
				INFOPLIST_FILE = SwiftAutolayouts/Info.plist;
				LD_RUNPATH_SEARCH_PATHS = (
					"$(inherited)",
					"@executable_path/Frameworks",
				);
				PRODUCT_BUNDLE_IDENTIFIER = com.charterglobal.SwiftAutolayouts;
				PRODUCT_NAME = "$(TARGET_NAME)";
				SWIFT_VERSION = 4.2;
				TARGETED_DEVICE_FAMILY = "1,2";
			};
			name = Release;
		};
		8B89B58F21EB53EE0063A5B0 /* Debug */ = {
			isa = XCBuildConfiguration;
			buildSettings = {
				ALWAYS_EMBED_SWIFT_STANDARD_LIBRARIES = YES;
				BUNDLE_LOADER = "$(TEST_HOST)";
				CODE_SIGN_STYLE = Automatic;
				DEVELOPMENT_TEAM = 8RXR4983V3;
				INFOPLIST_FILE = SwiftAutolayoutsTests/Info.plist;
				LD_RUNPATH_SEARCH_PATHS = (
					"$(inherited)",
					"@executable_path/Frameworks",
					"@loader_path/Frameworks",
				);
				PRODUCT_BUNDLE_IDENTIFIER = com.charterglobal.SwiftAutolayoutsTests;
				PRODUCT_NAME = "$(TARGET_NAME)";
				SWIFT_VERSION = 4.2;
				TARGETED_DEVICE_FAMILY = "1,2";
				TEST_HOST = "$(BUILT_PRODUCTS_DIR)/SwiftAutolayouts.app/SwiftAutolayouts";
			};
			name = Debug;
		};
		8B89B59021EB53EE0063A5B0 /* Release */ = {
			isa = XCBuildConfiguration;
			buildSettings = {
				ALWAYS_EMBED_SWIFT_STANDARD_LIBRARIES = YES;
				BUNDLE_LOADER = "$(TEST_HOST)";
				CODE_SIGN_STYLE = Automatic;
				DEVELOPMENT_TEAM = 8RXR4983V3;
				INFOPLIST_FILE = SwiftAutolayoutsTests/Info.plist;
				LD_RUNPATH_SEARCH_PATHS = (
					"$(inherited)",
					"@executable_path/Frameworks",
					"@loader_path/Frameworks",
				);
				PRODUCT_BUNDLE_IDENTIFIER = com.charterglobal.SwiftAutolayoutsTests;
				PRODUCT_NAME = "$(TARGET_NAME)";
				SWIFT_VERSION = 4.2;
				TARGETED_DEVICE_FAMILY = "1,2";
				TEST_HOST = "$(BUILT_PRODUCTS_DIR)/SwiftAutolayouts.app/SwiftAutolayouts";
			};
			name = Release;
		};
		8B89B59221EB53EE0063A5B0 /* Debug */ = {
			isa = XCBuildConfiguration;
			buildSettings = {
				ALWAYS_EMBED_SWIFT_STANDARD_LIBRARIES = YES;
				CODE_SIGN_STYLE = Automatic;
				DEVELOPMENT_TEAM = 8RXR4983V3;
				INFOPLIST_FILE = SwiftAutolayoutsUITests/Info.plist;
				LD_RUNPATH_SEARCH_PATHS = (
					"$(inherited)",
					"@executable_path/Frameworks",
					"@loader_path/Frameworks",
				);
				PRODUCT_BUNDLE_IDENTIFIER = com.charterglobal.SwiftAutolayoutsUITests;
				PRODUCT_NAME = "$(TARGET_NAME)";
				SWIFT_VERSION = 4.2;
				TARGETED_DEVICE_FAMILY = "1,2";
				TEST_TARGET_NAME = SwiftAutolayouts;
			};
			name = Debug;
		};
		8B89B59321EB53EE0063A5B0 /* Release */ = {
			isa = XCBuildConfiguration;
			buildSettings = {
				ALWAYS_EMBED_SWIFT_STANDARD_LIBRARIES = YES;
				CODE_SIGN_STYLE = Automatic;
				DEVELOPMENT_TEAM = 8RXR4983V3;
				INFOPLIST_FILE = SwiftAutolayoutsUITests/Info.plist;
				LD_RUNPATH_SEARCH_PATHS = (
					"$(inherited)",
					"@executable_path/Frameworks",
					"@loader_path/Frameworks",
				);
				PRODUCT_BUNDLE_IDENTIFIER = com.charterglobal.SwiftAutolayoutsUITests;
				PRODUCT_NAME = "$(TARGET_NAME)";
				SWIFT_VERSION = 4.2;
				TARGETED_DEVICE_FAMILY = "1,2";
				TEST_TARGET_NAME = SwiftAutolayouts;
			};
			name = Release;
		};
/* End XCBuildConfiguration section */

/* Begin XCConfigurationList section */
		8B89B55B21EB53ED0063A5B0 /* Build configuration list for PBXProject "SwiftAutolayouts" */ = {
			isa = XCConfigurationList;
			buildConfigurations = (
				8B89B58921EB53EE0063A5B0 /* Debug */,
				8B89B58A21EB53EE0063A5B0 /* Release */,
			);
			defaultConfigurationIsVisible = 0;
			defaultConfigurationName = Release;
		};
		8B89B58B21EB53EE0063A5B0 /* Build configuration list for PBXNativeTarget "SwiftAutolayouts" */ = {
			isa = XCConfigurationList;
			buildConfigurations = (
				8B89B58C21EB53EE0063A5B0 /* Debug */,
				8B89B58D21EB53EE0063A5B0 /* Release */,
			);
			defaultConfigurationIsVisible = 0;
			defaultConfigurationName = Release;
		};
		8B89B58E21EB53EE0063A5B0 /* Build configuration list for PBXNativeTarget "SwiftAutolayoutsTests" */ = {
			isa = XCConfigurationList;
			buildConfigurations = (
				8B89B58F21EB53EE0063A5B0 /* Debug */,
				8B89B59021EB53EE0063A5B0 /* Release */,
			);
			defaultConfigurationIsVisible = 0;
			defaultConfigurationName = Release;
		};
		8B89B59121EB53EE0063A5B0 /* Build configuration list for PBXNativeTarget "SwiftAutolayoutsUITests" */ = {
			isa = XCConfigurationList;
			buildConfigurations = (
				8B89B59221EB53EE0063A5B0 /* Debug */,
				8B89B59321EB53EE0063A5B0 /* Release */,
			);
			defaultConfigurationIsVisible = 0;
			defaultConfigurationName = Release;
		};
/* End XCConfigurationList section */

/* Begin XCVersionGroup section */
		8B89B56A21EB53ED0063A5B0 /* SwiftAutolayouts.xcdatamodeld */ = {
			isa = XCVersionGroup;
			children = (
				8B89B56B21EB53ED0063A5B0 /* SwiftAutolayouts.xcdatamodel */,
			);
			currentVersion = 8B89B56B21EB53ED0063A5B0 /* SwiftAutolayouts.xcdatamodel */;
			path = SwiftAutolayouts.xcdatamodeld;
			sourceTree = "<group>";
			versionGroupType = wrapper.xcdatamodel;
		};
/* End XCVersionGroup section */
	};
	rootObject = 8B89B55821EB53ED0063A5B0 /* Project object */;
}
